// !$*UTF8*$!
{
	archiveVersion = 1;
	classes = {
	};
	objectVersion = 51;
	objects = {

/* Begin PBXBuildFile section */
		095681A93D73B2A2E08554D3 /* Pods_Aki_Tests.framework in Frameworks */ = {isa = PBXBuildFile; fileRef = 0FDACF5E871FB240F036AFAE /* Pods_Aki_Tests.framework */; };
		1406EEA522FE9D8000EC0CDD /* Operation+Aki.swift in Sources */ = {isa = PBXBuildFile; fileRef = 1406EEA422FE9D8000EC0CDD /* Operation+Aki.swift */; };
		14122D3E22F5F96A00282598 /* AkiOperation.swift in Sources */ = {isa = PBXBuildFile; fileRef = 14122D3D22F5F96A00282598 /* AkiOperation.swift */; };
		14122D4022F6158500282598 /* DownloadTaskOperation.swift in Sources */ = {isa = PBXBuildFile; fileRef = 14122D3F22F6158500282598 /* DownloadTaskOperation.swift */; };
		14122D4222F615BB00282598 /* Constants.swift in Sources */ = {isa = PBXBuildFile; fileRef = 14122D4122F615BB00282598 /* Constants.swift */; };
		14122D4622F71EDC00282598 /* WriteOperation.swift in Sources */ = {isa = PBXBuildFile; fileRef = 14122D4522F71EDC00282598 /* WriteOperation.swift */; };
		14122D4C22F751A400282598 /* AkiOperationManager.swift in Sources */ = {isa = PBXBuildFile; fileRef = 14122D4B22F751A400282598 /* AkiOperationManager.swift */; };
		14122D5022F774DA00282598 /* BatchOperation.swift in Sources */ = {isa = PBXBuildFile; fileRef = 14122D4F22F774DA00282598 /* BatchOperation.swift */; };
		142AFAF721F3970700F52ABE /* AlsoTests.swift in Sources */ = {isa = PBXBuildFile; fileRef = 142AFAF621F3970700F52ABE /* AlsoTests.swift */; };
		149B4E0522F4567C0042DBD2 /* AsyncOperation.swift in Sources */ = {isa = PBXBuildFile; fileRef = 149B4E0422F4567C0042DBD2 /* AsyncOperation.swift */; };
		149B4E0722F459AC0042DBD2 /* DataTaskOperation.swift in Sources */ = {isa = PBXBuildFile; fileRef = 149B4E0622F459AC0042DBD2 /* DataTaskOperation.swift */; };
		149B4E0922F45E430042DBD2 /* DeserializationOperation.swift in Sources */ = {isa = PBXBuildFile; fileRef = 149B4E0822F45E430042DBD2 /* DeserializationOperation.swift */; };
		14E2B32E219B7CDF00284074 /* Aki.framework in Frameworks */ = {isa = PBXBuildFile; fileRef = 14E2B324219B7CDF00284074 /* Aki.framework */; };
		14E2B333219B7CDF00284074 /* Tests.swift in Sources */ = {isa = PBXBuildFile; fileRef = 14E2B332219B7CDF00284074 /* Tests.swift */; };
		14E2B335219B7CDF00284074 /* Aki.h in Headers */ = {isa = PBXBuildFile; fileRef = 14E2B327219B7CDF00284074 /* Aki.h */; settings = {ATTRIBUTES = (Public, ); }; };
		14E2B346219B7E5E00284074 /* AppDelegate.swift in Sources */ = {isa = PBXBuildFile; fileRef = 14E2B345219B7E5E00284074 /* AppDelegate.swift */; };
		14E2B348219B7E5E00284074 /* ViewController.swift in Sources */ = {isa = PBXBuildFile; fileRef = 14E2B347219B7E5E00284074 /* ViewController.swift */; };
		14E2B34B219B7E5E00284074 /* Main.storyboard in Resources */ = {isa = PBXBuildFile; fileRef = 14E2B349219B7E5E00284074 /* Main.storyboard */; };
		14E2B34D219B7E6200284074 /* Assets.xcassets in Resources */ = {isa = PBXBuildFile; fileRef = 14E2B34C219B7E6200284074 /* Assets.xcassets */; };
		14E2B350219B7E6200284074 /* LaunchScreen.storyboard in Resources */ = {isa = PBXBuildFile; fileRef = 14E2B34E219B7E6200284074 /* LaunchScreen.storyboard */; };
		14E2B355219B7E8C00284074 /* Aki.framework in Frameworks */ = {isa = PBXBuildFile; fileRef = 14E2B324219B7CDF00284074 /* Aki.framework */; };
		14E2B356219B7E8C00284074 /* Aki.framework in Embed Frameworks */ = {isa = PBXBuildFile; fileRef = 14E2B324219B7CDF00284074 /* Aki.framework */; settings = {ATTRIBUTES = (CodeSignOnCopy, RemoveHeadersOnCopy, ); }; };
		C4E7881879B737718321AB0E /* Pods_Aki.framework in Frameworks */ = {isa = PBXBuildFile; fileRef = 556580BCCDE6F60676E9F087 /* Pods_Aki.framework */; };
		FB77A894B26161E802FD0400 /* Pods_AkiExample.framework in Frameworks */ = {isa = PBXBuildFile; fileRef = 200F3E6547CDB90985AEF4E6 /* Pods_AkiExample.framework */; };
/* End PBXBuildFile section */

/* Begin PBXContainerItemProxy section */
		14E2B32F219B7CDF00284074 /* PBXContainerItemProxy */ = {
			isa = PBXContainerItemProxy;
			containerPortal = 14E2B31B219B7CDF00284074 /* Project object */;
			proxyType = 1;
			remoteGlobalIDString = 14E2B323219B7CDF00284074;
			remoteInfo = Villanelle;
		};
		14E2B357219B7E8C00284074 /* PBXContainerItemProxy */ = {
			isa = PBXContainerItemProxy;
			containerPortal = 14E2B31B219B7CDF00284074 /* Project object */;
			proxyType = 1;
			remoteGlobalIDString = 14E2B323219B7CDF00284074;
			remoteInfo = Villanelle;
		};
/* End PBXContainerItemProxy section */

/* Begin PBXCopyFilesBuildPhase section */
		14E2B359219B7E8D00284074 /* Embed Frameworks */ = {
			isa = PBXCopyFilesBuildPhase;
			buildActionMask = 2147483647;
			dstPath = "";
			dstSubfolderSpec = 10;
			files = (
				14E2B356219B7E8C00284074 /* Aki.framework in Embed Frameworks */,
			);
			name = "Embed Frameworks";
			runOnlyForDeploymentPostprocessing = 0;
		};
/* End PBXCopyFilesBuildPhase section */

/* Begin PBXFileReference section */
		0FDACF5E871FB240F036AFAE /* Pods_Aki_Tests.framework */ = {isa = PBXFileReference; explicitFileType = wrapper.framework; includeInIndex = 0; path = Pods_Aki_Tests.framework; sourceTree = BUILT_PRODUCTS_DIR; };
		1406EEA422FE9D8000EC0CDD /* Operation+Aki.swift */ = {isa = PBXFileReference; lastKnownFileType = sourcecode.swift; path = "Operation+Aki.swift"; sourceTree = "<group>"; };
		14122D3D22F5F96A00282598 /* AkiOperation.swift */ = {isa = PBXFileReference; lastKnownFileType = sourcecode.swift; path = AkiOperation.swift; sourceTree = "<group>"; };
		14122D3F22F6158500282598 /* DownloadTaskOperation.swift */ = {isa = PBXFileReference; lastKnownFileType = sourcecode.swift; path = DownloadTaskOperation.swift; sourceTree = "<group>"; };
		14122D4122F615BB00282598 /* Constants.swift */ = {isa = PBXFileReference; lastKnownFileType = sourcecode.swift; path = Constants.swift; sourceTree = "<group>"; };
		14122D4322F667AF00282598 /* IO.swift */ = {isa = PBXFileReference; lastKnownFileType = sourcecode.swift; path = IO.swift; sourceTree = "<group>"; };
		14122D4522F71EDC00282598 /* WriteOperation.swift */ = {isa = PBXFileReference; lastKnownFileType = sourcecode.swift; path = WriteOperation.swift; sourceTree = "<group>"; };
		14122D4822F7508B00282598 /* Aki.podspec */ = {isa = PBXFileReference; lastKnownFileType = text; path = Aki.podspec; sourceTree = "<group>"; };
		14122D4922F7508B00282598 /* LICENSE.md */ = {isa = PBXFileReference; lastKnownFileType = net.daringfireball.markdown; path = LICENSE.md; sourceTree = "<group>"; };
		14122D4B22F751A400282598 /* AkiOperationManager.swift */ = {isa = PBXFileReference; lastKnownFileType = sourcecode.swift; path = AkiOperationManager.swift; sourceTree = "<group>"; };
		14122D4F22F774DA00282598 /* BatchOperation.swift */ = {isa = PBXFileReference; lastKnownFileType = sourcecode.swift; path = BatchOperation.swift; sourceTree = "<group>"; };
		142AFAF621F3970700F52ABE /* AlsoTests.swift */ = {isa = PBXFileReference; lastKnownFileType = sourcecode.swift; path = AlsoTests.swift; sourceTree = "<group>"; };
		149B4E0422F4567C0042DBD2 /* AsyncOperation.swift */ = {isa = PBXFileReference; lastKnownFileType = sourcecode.swift; path = AsyncOperation.swift; sourceTree = "<group>"; };
		149B4E0622F459AC0042DBD2 /* DataTaskOperation.swift */ = {isa = PBXFileReference; lastKnownFileType = sourcecode.swift; path = DataTaskOperation.swift; sourceTree = "<group>"; };
		149B4E0822F45E430042DBD2 /* DeserializationOperation.swift */ = {isa = PBXFileReference; lastKnownFileType = sourcecode.swift; path = DeserializationOperation.swift; sourceTree = "<group>"; };
		14E2B324219B7CDF00284074 /* Aki.framework */ = {isa = PBXFileReference; explicitFileType = wrapper.framework; includeInIndex = 0; path = Aki.framework; sourceTree = BUILT_PRODUCTS_DIR; };
		14E2B327219B7CDF00284074 /* Aki.h */ = {isa = PBXFileReference; lastKnownFileType = sourcecode.c.h; path = Aki.h; sourceTree = "<group>"; };
		14E2B328219B7CDF00284074 /* Info.plist */ = {isa = PBXFileReference; lastKnownFileType = text.plist.xml; path = Info.plist; sourceTree = "<group>"; };
		14E2B32D219B7CDF00284074 /* Aki Tests.xctest */ = {isa = PBXFileReference; explicitFileType = wrapper.cfbundle; includeInIndex = 0; path = "Aki Tests.xctest"; sourceTree = BUILT_PRODUCTS_DIR; };
		14E2B332219B7CDF00284074 /* Tests.swift */ = {isa = PBXFileReference; lastKnownFileType = sourcecode.swift; path = Tests.swift; sourceTree = "<group>"; };
		14E2B334219B7CDF00284074 /* Info.plist */ = {isa = PBXFileReference; lastKnownFileType = text.plist.xml; path = Info.plist; sourceTree = "<group>"; };
		14E2B343219B7E5E00284074 /* AkiExample.app */ = {isa = PBXFileReference; explicitFileType = wrapper.application; includeInIndex = 0; path = AkiExample.app; sourceTree = BUILT_PRODUCTS_DIR; };
		14E2B345219B7E5E00284074 /* AppDelegate.swift */ = {isa = PBXFileReference; lastKnownFileType = sourcecode.swift; path = AppDelegate.swift; sourceTree = "<group>"; };
		14E2B347219B7E5E00284074 /* ViewController.swift */ = {isa = PBXFileReference; lastKnownFileType = sourcecode.swift; path = ViewController.swift; sourceTree = "<group>"; };
		14E2B34A219B7E5E00284074 /* Base */ = {isa = PBXFileReference; lastKnownFileType = file.storyboard; name = Base; path = Base.lproj/Main.storyboard; sourceTree = "<group>"; };
		14E2B34C219B7E6200284074 /* Assets.xcassets */ = {isa = PBXFileReference; lastKnownFileType = folder.assetcatalog; path = Assets.xcassets; sourceTree = "<group>"; };
		14E2B34F219B7E6200284074 /* Base */ = {isa = PBXFileReference; lastKnownFileType = file.storyboard; name = Base; path = Base.lproj/LaunchScreen.storyboard; sourceTree = "<group>"; };
		14E2B351219B7E6200284074 /* Info.plist */ = {isa = PBXFileReference; lastKnownFileType = text.plist.xml; path = Info.plist; sourceTree = "<group>"; };
		200F3E6547CDB90985AEF4E6 /* Pods_AkiExample.framework */ = {isa = PBXFileReference; explicitFileType = wrapper.framework; includeInIndex = 0; path = Pods_AkiExample.framework; sourceTree = BUILT_PRODUCTS_DIR; };
		2B515A65035768817D6468F3 /* Pods-Aki Tests.debug.xcconfig */ = {isa = PBXFileReference; includeInIndex = 1; lastKnownFileType = text.xcconfig; name = "Pods-Aki Tests.debug.xcconfig"; path = "Pods/Target Support Files/Pods-Aki Tests/Pods-Aki Tests.debug.xcconfig"; sourceTree = "<group>"; };
		556580BCCDE6F60676E9F087 /* Pods_Aki.framework */ = {isa = PBXFileReference; explicitFileType = wrapper.framework; includeInIndex = 0; path = Pods_Aki.framework; sourceTree = BUILT_PRODUCTS_DIR; };
		6C8490592537950CE96456B4 /* Pods-AkiExample.debug.xcconfig */ = {isa = PBXFileReference; includeInIndex = 1; lastKnownFileType = text.xcconfig; name = "Pods-AkiExample.debug.xcconfig"; path = "Pods/Target Support Files/Pods-AkiExample/Pods-AkiExample.debug.xcconfig"; sourceTree = "<group>"; };
		7DE04FF4F9D57CEE2BA71FA8 /* Pods-Tests.debug.xcconfig */ = {isa = PBXFileReference; includeInIndex = 1; lastKnownFileType = text.xcconfig; name = "Pods-Tests.debug.xcconfig"; path = "Pods/Target Support Files/Pods-Tests/Pods-Tests.debug.xcconfig"; sourceTree = "<group>"; };
		8CDD1364D6C198F1839F1020 /* Pods_Tests.framework */ = {isa = PBXFileReference; explicitFileType = wrapper.framework; includeInIndex = 0; path = Pods_Tests.framework; sourceTree = BUILT_PRODUCTS_DIR; };
		95FE2F008710531F8BF5AD1B /* Pods-Aki.debug.xcconfig */ = {isa = PBXFileReference; includeInIndex = 1; lastKnownFileType = text.xcconfig; name = "Pods-Aki.debug.xcconfig"; path = "Pods/Target Support Files/Pods-Aki/Pods-Aki.debug.xcconfig"; sourceTree = "<group>"; };
		9E73B97C8CC41B0281F2AB59 /* Pods-Tests.release.xcconfig */ = {isa = PBXFileReference; includeInIndex = 1; lastKnownFileType = text.xcconfig; name = "Pods-Tests.release.xcconfig"; path = "Pods/Target Support Files/Pods-Tests/Pods-Tests.release.xcconfig"; sourceTree = "<group>"; };
		DA77D803A6A4267B3572CE0E /* Pods-AkiExample.release.xcconfig */ = {isa = PBXFileReference; includeInIndex = 1; lastKnownFileType = text.xcconfig; name = "Pods-AkiExample.release.xcconfig"; path = "Pods/Target Support Files/Pods-AkiExample/Pods-AkiExample.release.xcconfig"; sourceTree = "<group>"; };
		DD906CAB8CC164B808B8E1B3 /* Pods-Aki Tests.release.xcconfig */ = {isa = PBXFileReference; includeInIndex = 1; lastKnownFileType = text.xcconfig; name = "Pods-Aki Tests.release.xcconfig"; path = "Pods/Target Support Files/Pods-Aki Tests/Pods-Aki Tests.release.xcconfig"; sourceTree = "<group>"; };
		F0ABA2895DF30F2C3B87842C /* Pods-Aki.release.xcconfig */ = {isa = PBXFileReference; includeInIndex = 1; lastKnownFileType = text.xcconfig; name = "Pods-Aki.release.xcconfig"; path = "Pods/Target Support Files/Pods-Aki/Pods-Aki.release.xcconfig"; sourceTree = "<group>"; };
/* End PBXFileReference section */

/* Begin PBXFrameworksBuildPhase section */
		14E2B321219B7CDF00284074 /* Frameworks */ = {
			isa = PBXFrameworksBuildPhase;
			buildActionMask = 2147483647;
			files = (
				C4E7881879B737718321AB0E /* Pods_Aki.framework in Frameworks */,
			);
			runOnlyForDeploymentPostprocessing = 0;
		};
		14E2B32A219B7CDF00284074 /* Frameworks */ = {
			isa = PBXFrameworksBuildPhase;
			buildActionMask = 2147483647;
			files = (
				14E2B32E219B7CDF00284074 /* Aki.framework in Frameworks */,
				095681A93D73B2A2E08554D3 /* Pods_Aki_Tests.framework in Frameworks */,
			);
			runOnlyForDeploymentPostprocessing = 0;
		};
		14E2B340219B7E5E00284074 /* Frameworks */ = {
			isa = PBXFrameworksBuildPhase;
			buildActionMask = 2147483647;
			files = (
				14E2B355219B7E8C00284074 /* Aki.framework in Frameworks */,
				FB77A894B26161E802FD0400 /* Pods_AkiExample.framework in Frameworks */,
			);
			runOnlyForDeploymentPostprocessing = 0;
		};
/* End PBXFrameworksBuildPhase section */

/* Begin PBXGroup section */
		14122D4722F7507400282598 /* Metadata */ = {
			isa = PBXGroup;
			children = (
				14122D4822F7508B00282598 /* Aki.podspec */,
				14122D4922F7508B00282598 /* LICENSE.md */,
			);
			name = Metadata;
			sourceTree = "<group>";
		};
		14122D4A22F7512600282598 /* Operations */ = {
			isa = PBXGroup;
			children = (
				14122D3D22F5F96A00282598 /* AkiOperation.swift */,
				149B4E0422F4567C0042DBD2 /* AsyncOperation.swift */,
				149B4E0622F459AC0042DBD2 /* DataTaskOperation.swift */,
				149B4E0822F45E430042DBD2 /* DeserializationOperation.swift */,
				14122D3F22F6158500282598 /* DownloadTaskOperation.swift */,
				14122D4522F71EDC00282598 /* WriteOperation.swift */,
				14122D4F22F774DA00282598 /* BatchOperation.swift */,
			);
			path = Operations;
			sourceTree = "<group>";
		};
		142AFAF321F3628B00F52ABE /* Classes */ = {
			isa = PBXGroup;
			children = (
				14122D4322F667AF00282598 /* IO.swift */,
				14122D4B22F751A400282598 /* AkiOperationManager.swift */,
			);
			path = Classes;
			sourceTree = "<group>";
		};
		14631A5321F31E3800198C29 /* Utilities */ = {
			isa = PBXGroup;
			children = (
				14122D4122F615BB00282598 /* Constants.swift */,
				1406EEA422FE9D8000EC0CDD /* Operation+Aki.swift */,
			);
			path = Utilities;
			sourceTree = "<group>";
		};
		14E2B31A219B7CDF00284074 = {
			isa = PBXGroup;
			children = (
				14122D4722F7507400282598 /* Metadata */,
				14E2B344219B7E5E00284074 /* Example */,
				14E2B326219B7CDF00284074 /* Sources */,
				14E2B331219B7CDF00284074 /* Aki Tests */,
				14E2B325219B7CDF00284074 /* Products */,
				D7CDD8F20EADC931B43E5110 /* Pods */,
				FC783839211A6AA7A0E2BA63 /* Frameworks */,
			);
			sourceTree = "<group>";
		};
		14E2B325219B7CDF00284074 /* Products */ = {
			isa = PBXGroup;
			children = (
				14E2B324219B7CDF00284074 /* Aki.framework */,
				14E2B32D219B7CDF00284074 /* Aki Tests.xctest */,
				14E2B343219B7E5E00284074 /* AkiExample.app */,
			);
			name = Products;
			sourceTree = "<group>";
		};
		14E2B326219B7CDF00284074 /* Sources */ = {
			isa = PBXGroup;
			children = (
				14122D4A22F7512600282598 /* Operations */,
				142AFAF321F3628B00F52ABE /* Classes */,
				14631A5321F31E3800198C29 /* Utilities */,
				14E2B33E219B7DC000284074 /* Supporting Files */,
			);
			path = Sources;
			sourceTree = "<group>";
		};
		14E2B331219B7CDF00284074 /* Aki Tests */ = {
			isa = PBXGroup;
			children = (
				14E2B332219B7CDF00284074 /* Tests.swift */,
				142AFAF621F3970700F52ABE /* AlsoTests.swift */,
				14E2B334219B7CDF00284074 /* Info.plist */,
			);
			path = "Aki Tests";
			sourceTree = "<group>";
		};
		14E2B33E219B7DC000284074 /* Supporting Files */ = {
			isa = PBXGroup;
			children = (
				14E2B327219B7CDF00284074 /* Aki.h */,
				14E2B328219B7CDF00284074 /* Info.plist */,
			);
			path = "Supporting Files";
			sourceTree = "<group>";
		};
		14E2B344219B7E5E00284074 /* Example */ = {
			isa = PBXGroup;
			children = (
				14E2B345219B7E5E00284074 /* AppDelegate.swift */,
				14E2B347219B7E5E00284074 /* ViewController.swift */,
				14E2B349219B7E5E00284074 /* Main.storyboard */,
				14E2B34C219B7E6200284074 /* Assets.xcassets */,
				14E2B34E219B7E6200284074 /* LaunchScreen.storyboard */,
				14E2B351219B7E6200284074 /* Info.plist */,
			);
			path = Example;
			sourceTree = "<group>";
		};
		D7CDD8F20EADC931B43E5110 /* Pods */ = {
			isa = PBXGroup;
			children = (
				95FE2F008710531F8BF5AD1B /* Pods-Aki.debug.xcconfig */,
				F0ABA2895DF30F2C3B87842C /* Pods-Aki.release.xcconfig */,
				6C8490592537950CE96456B4 /* Pods-AkiExample.debug.xcconfig */,
				DA77D803A6A4267B3572CE0E /* Pods-AkiExample.release.xcconfig */,
				7DE04FF4F9D57CEE2BA71FA8 /* Pods-Tests.debug.xcconfig */,
				9E73B97C8CC41B0281F2AB59 /* Pods-Tests.release.xcconfig */,
				2B515A65035768817D6468F3 /* Pods-Aki Tests.debug.xcconfig */,
				DD906CAB8CC164B808B8E1B3 /* Pods-Aki Tests.release.xcconfig */,
			);
			name = Pods;
			sourceTree = "<group>";
		};
		FC783839211A6AA7A0E2BA63 /* Frameworks */ = {
			isa = PBXGroup;
			children = (
				556580BCCDE6F60676E9F087 /* Pods_Aki.framework */,
				200F3E6547CDB90985AEF4E6 /* Pods_AkiExample.framework */,
				8CDD1364D6C198F1839F1020 /* Pods_Tests.framework */,
				0FDACF5E871FB240F036AFAE /* Pods_Aki_Tests.framework */,
			);
			name = Frameworks;
			sourceTree = "<group>";
		};
/* End PBXGroup section */

/* Begin PBXHeadersBuildPhase section */
		14E2B31F219B7CDF00284074 /* Headers */ = {
			isa = PBXHeadersBuildPhase;
			buildActionMask = 2147483647;
			files = (
				14E2B335219B7CDF00284074 /* Aki.h in Headers */,
			);
			runOnlyForDeploymentPostprocessing = 0;
		};
/* End PBXHeadersBuildPhase section */

/* Begin PBXNativeTarget section */
		14E2B323219B7CDF00284074 /* Aki */ = {
			isa = PBXNativeTarget;
			buildConfigurationList = 14E2B338219B7CDF00284074 /* Build configuration list for PBXNativeTarget "Aki" */;
			buildPhases = (
				94B87360EA5D4C05B9905DCC /* [CP] Check Pods Manifest.lock */,
				14E2B31F219B7CDF00284074 /* Headers */,
				14E2B320219B7CDF00284074 /* Sources */,
				14E2B321219B7CDF00284074 /* Frameworks */,
				14E2B322219B7CDF00284074 /* Resources */,
			);
			buildRules = (
			);
			dependencies = (
			);
			name = Aki;
			productName = Villanelle;
			productReference = 14E2B324219B7CDF00284074 /* Aki.framework */;
			productType = "com.apple.product-type.framework";
		};
		14E2B32C219B7CDF00284074 /* Aki Tests */ = {
			isa = PBXNativeTarget;
			buildConfigurationList = 14E2B33B219B7CDF00284074 /* Build configuration list for PBXNativeTarget "Aki Tests" */;
			buildPhases = (
				A3118C2E116AE2E7424CDDD8 /* [CP] Check Pods Manifest.lock */,
				14E2B329219B7CDF00284074 /* Sources */,
				14E2B32A219B7CDF00284074 /* Frameworks */,
				14E2B32B219B7CDF00284074 /* Resources */,
				BFA800C3AFCC8F043FC6A4EC /* [CP] Embed Pods Frameworks */,
			);
			buildRules = (
			);
			dependencies = (
				14E2B330219B7CDF00284074 /* PBXTargetDependency */,
			);
			name = "Aki Tests";
			productName = VillanelleTests;
			productReference = 14E2B32D219B7CDF00284074 /* Aki Tests.xctest */;
			productType = "com.apple.product-type.bundle.unit-test";
		};
		14E2B342219B7E5E00284074 /* AkiExample */ = {
			isa = PBXNativeTarget;
			buildConfigurationList = 14E2B352219B7E6200284074 /* Build configuration list for PBXNativeTarget "AkiExample" */;
			buildPhases = (
				942B4DC9A5251A9B984F26ED /* [CP] Check Pods Manifest.lock */,
				14E2B33F219B7E5E00284074 /* Sources */,
				14E2B340219B7E5E00284074 /* Frameworks */,
				14E2B341219B7E5E00284074 /* Resources */,
				14E2B359219B7E8D00284074 /* Embed Frameworks */,
			);
			buildRules = (
			);
			dependencies = (
				14E2B358219B7E8C00284074 /* PBXTargetDependency */,
			);
			name = AkiExample;
			productName = VillanelleExample;
			productReference = 14E2B343219B7E5E00284074 /* AkiExample.app */;
			productType = "com.apple.product-type.application";
		};
/* End PBXNativeTarget section */

/* Begin PBXProject section */
		14E2B31B219B7CDF00284074 /* Project object */ = {
			isa = PBXProject;
			attributes = {
				LastSwiftUpdateCheck = 1010;
				LastUpgradeCheck = 1010;
				ORGANIZATIONNAME = "Julio Alorro Software Development, Inc.";
				TargetAttributes = {
					14E2B323219B7CDF00284074 = {
						CreatedOnToolsVersion = 10.1;
						LastSwiftMigration = 1030;
					};
					14E2B32C219B7CDF00284074 = {
						CreatedOnToolsVersion = 10.1;
						LastSwiftMigration = 1030;
					};
					14E2B342219B7E5E00284074 = {
						CreatedOnToolsVersion = 10.1;
					};
				};
			};
			buildConfigurationList = 14E2B31E219B7CDF00284074 /* Build configuration list for PBXProject "Aki" */;
			compatibilityVersion = "Xcode 9.3";
			developmentRegion = en;
			hasScannedForEncodings = 0;
			knownRegions = (
				en,
				Base,
			);
			mainGroup = 14E2B31A219B7CDF00284074;
			productRefGroup = 14E2B325219B7CDF00284074 /* Products */;
			projectDirPath = "";
			projectRoot = "";
			targets = (
				14E2B323219B7CDF00284074 /* Aki */,
				14E2B32C219B7CDF00284074 /* Aki Tests */,
				14E2B342219B7E5E00284074 /* AkiExample */,
			);
		};
/* End PBXProject section */

/* Begin PBXResourcesBuildPhase section */
		14E2B322219B7CDF00284074 /* Resources */ = {
			isa = PBXResourcesBuildPhase;
			buildActionMask = 2147483647;
			files = (
			);
			runOnlyForDeploymentPostprocessing = 0;
		};
		14E2B32B219B7CDF00284074 /* Resources */ = {
			isa = PBXResourcesBuildPhase;
			buildActionMask = 2147483647;
			files = (
			);
			runOnlyForDeploymentPostprocessing = 0;
		};
		14E2B341219B7E5E00284074 /* Resources */ = {
			isa = PBXResourcesBuildPhase;
			buildActionMask = 2147483647;
			files = (
				14E2B350219B7E6200284074 /* LaunchScreen.storyboard in Resources */,
				14E2B34D219B7E6200284074 /* Assets.xcassets in Resources */,
				14E2B34B219B7E5E00284074 /* Main.storyboard in Resources */,
			);
			runOnlyForDeploymentPostprocessing = 0;
		};
/* End PBXResourcesBuildPhase section */

/* Begin PBXShellScriptBuildPhase section */
		942B4DC9A5251A9B984F26ED /* [CP] Check Pods Manifest.lock */ = {
			isa = PBXShellScriptBuildPhase;
			buildActionMask = 2147483647;
			files = (
			);
			inputFileListPaths = (
			);
			inputPaths = (
				"${PODS_PODFILE_DIR_PATH}/Podfile.lock",
				"${PODS_ROOT}/Manifest.lock",
			);
			name = "[CP] Check Pods Manifest.lock";
			outputFileListPaths = (
			);
			outputPaths = (
				"$(DERIVED_FILE_DIR)/Pods-AkiExample-checkManifestLockResult.txt",
			);
			runOnlyForDeploymentPostprocessing = 0;
			shellPath = /bin/sh;
			shellScript = "diff \"${PODS_PODFILE_DIR_PATH}/Podfile.lock\" \"${PODS_ROOT}/Manifest.lock\" > /dev/null\nif [ $? != 0 ] ; then\n    # print error to STDERR\n    echo \"error: The sandbox is not in sync with the Podfile.lock. Run 'pod install' or update your CocoaPods installation.\" >&2\n    exit 1\nfi\n# This output is used by Xcode 'outputs' to avoid re-running this script phase.\necho \"SUCCESS\" > \"${SCRIPT_OUTPUT_FILE_0}\"\n";
			showEnvVarsInLog = 0;
		};
		94B87360EA5D4C05B9905DCC /* [CP] Check Pods Manifest.lock */ = {
			isa = PBXShellScriptBuildPhase;
			buildActionMask = 2147483647;
			files = (
			);
			inputFileListPaths = (
			);
			inputPaths = (
				"${PODS_PODFILE_DIR_PATH}/Podfile.lock",
				"${PODS_ROOT}/Manifest.lock",
			);
			name = "[CP] Check Pods Manifest.lock";
			outputFileListPaths = (
			);
			outputPaths = (
				"$(DERIVED_FILE_DIR)/Pods-Aki-checkManifestLockResult.txt",
			);
			runOnlyForDeploymentPostprocessing = 0;
			shellPath = /bin/sh;
			shellScript = "diff \"${PODS_PODFILE_DIR_PATH}/Podfile.lock\" \"${PODS_ROOT}/Manifest.lock\" > /dev/null\nif [ $? != 0 ] ; then\n    # print error to STDERR\n    echo \"error: The sandbox is not in sync with the Podfile.lock. Run 'pod install' or update your CocoaPods installation.\" >&2\n    exit 1\nfi\n# This output is used by Xcode 'outputs' to avoid re-running this script phase.\necho \"SUCCESS\" > \"${SCRIPT_OUTPUT_FILE_0}\"\n";
			showEnvVarsInLog = 0;
		};
		A3118C2E116AE2E7424CDDD8 /* [CP] Check Pods Manifest.lock */ = {
			isa = PBXShellScriptBuildPhase;
			buildActionMask = 2147483647;
			files = (
			);
			inputFileListPaths = (
			);
			inputPaths = (
				"${PODS_PODFILE_DIR_PATH}/Podfile.lock",
				"${PODS_ROOT}/Manifest.lock",
			);
			name = "[CP] Check Pods Manifest.lock";
			outputFileListPaths = (
			);
			outputPaths = (
				"$(DERIVED_FILE_DIR)/Pods-Aki Tests-checkManifestLockResult.txt",
			);
			runOnlyForDeploymentPostprocessing = 0;
			shellPath = /bin/sh;
			shellScript = "diff \"${PODS_PODFILE_DIR_PATH}/Podfile.lock\" \"${PODS_ROOT}/Manifest.lock\" > /dev/null\nif [ $? != 0 ] ; then\n    # print error to STDERR\n    echo \"error: The sandbox is not in sync with the Podfile.lock. Run 'pod install' or update your CocoaPods installation.\" >&2\n    exit 1\nfi\n# This output is used by Xcode 'outputs' to avoid re-running this script phase.\necho \"SUCCESS\" > \"${SCRIPT_OUTPUT_FILE_0}\"\n";
			showEnvVarsInLog = 0;
		};
		BFA800C3AFCC8F043FC6A4EC /* [CP] Embed Pods Frameworks */ = {
			isa = PBXShellScriptBuildPhase;
			buildActionMask = 2147483647;
			files = (
			);
			inputFileListPaths = (
				"${PODS_ROOT}/Target Support Files/Pods-Aki Tests/Pods-Aki Tests-frameworks-${CONFIGURATION}-input-files.xcfilelist",
			);
			name = "[CP] Embed Pods Frameworks";
			outputFileListPaths = (
				"${PODS_ROOT}/Target Support Files/Pods-Aki Tests/Pods-Aki Tests-frameworks-${CONFIGURATION}-output-files.xcfilelist",
			);
			runOnlyForDeploymentPostprocessing = 0;
			shellPath = /bin/sh;
			shellScript = "\"${PODS_ROOT}/Target Support Files/Pods-Aki Tests/Pods-Aki Tests-frameworks.sh\"\n";
			showEnvVarsInLog = 0;
		};
/* End PBXShellScriptBuildPhase section */

/* Begin PBXSourcesBuildPhase section */
		14E2B320219B7CDF00284074 /* Sources */ = {
			isa = PBXSourcesBuildPhase;
			buildActionMask = 2147483647;
			files = (
				14122D4022F6158500282598 /* DownloadTaskOperation.swift in Sources */,
				14122D4C22F751A400282598 /* AkiOperationManager.swift in Sources */,
				149B4E0922F45E430042DBD2 /* DeserializationOperation.swift in Sources */,
				14122D3E22F5F96A00282598 /* AkiOperation.swift in Sources */,
				14122D4622F71EDC00282598 /* WriteOperation.swift in Sources */,
				149B4E0722F459AC0042DBD2 /* DataTaskOperation.swift in Sources */,
				149B4E0522F4567C0042DBD2 /* AsyncOperation.swift in Sources */,
				14122D4222F615BB00282598 /* Constants.swift in Sources */,
				14122D5022F774DA00282598 /* BatchOperation.swift in Sources */,
				1406EEA522FE9D8000EC0CDD /* Operation+Aki.swift in Sources */,
			);
			runOnlyForDeploymentPostprocessing = 0;
		};
		14E2B329219B7CDF00284074 /* Sources */ = {
			isa = PBXSourcesBuildPhase;
			buildActionMask = 2147483647;
			files = (
				14E2B333219B7CDF00284074 /* Tests.swift in Sources */,
				142AFAF721F3970700F52ABE /* AlsoTests.swift in Sources */,
			);
			runOnlyForDeploymentPostprocessing = 0;
		};
		14E2B33F219B7E5E00284074 /* Sources */ = {
			isa = PBXSourcesBuildPhase;
			buildActionMask = 2147483647;
			files = (
				14E2B348219B7E5E00284074 /* ViewController.swift in Sources */,
				14E2B346219B7E5E00284074 /* AppDelegate.swift in Sources */,
			);
			runOnlyForDeploymentPostprocessing = 0;
		};
/* End PBXSourcesBuildPhase section */

/* Begin PBXTargetDependency section */
		14E2B330219B7CDF00284074 /* PBXTargetDependency */ = {
			isa = PBXTargetDependency;
			target = 14E2B323219B7CDF00284074 /* Aki */;
			targetProxy = 14E2B32F219B7CDF00284074 /* PBXContainerItemProxy */;
		};
		14E2B358219B7E8C00284074 /* PBXTargetDependency */ = {
			isa = PBXTargetDependency;
			target = 14E2B323219B7CDF00284074 /* Aki */;
			targetProxy = 14E2B357219B7E8C00284074 /* PBXContainerItemProxy */;
		};
/* End PBXTargetDependency section */

/* Begin PBXVariantGroup section */
		14E2B349219B7E5E00284074 /* Main.storyboard */ = {
			isa = PBXVariantGroup;
			children = (
				14E2B34A219B7E5E00284074 /* Base */,
			);
			name = Main.storyboard;
			sourceTree = "<group>";
		};
		14E2B34E219B7E6200284074 /* LaunchScreen.storyboard */ = {
			isa = PBXVariantGroup;
			children = (
				14E2B34F219B7E6200284074 /* Base */,
			);
			name = LaunchScreen.storyboard;
			sourceTree = "<group>";
		};
/* End PBXVariantGroup section */

/* Begin XCBuildConfiguration section */
		14E2B336219B7CDF00284074 /* Debug */ = {
			isa = XCBuildConfiguration;
			buildSettings = {
				ALWAYS_SEARCH_USER_PATHS = NO;
				CLANG_ANALYZER_NONNULL = YES;
				CLANG_ANALYZER_NUMBER_OBJECT_CONVERSION = YES_AGGRESSIVE;
				CLANG_CXX_LANGUAGE_STANDARD = "gnu++14";
				CLANG_CXX_LIBRARY = "libc++";
				CLANG_ENABLE_MODULES = YES;
				CLANG_ENABLE_OBJC_ARC = YES;
				CLANG_ENABLE_OBJC_WEAK = YES;
				CLANG_WARN_BLOCK_CAPTURE_AUTORELEASING = YES;
				CLANG_WARN_BOOL_CONVERSION = YES;
				CLANG_WARN_COMMA = YES;
				CLANG_WARN_CONSTANT_CONVERSION = YES;
				CLANG_WARN_DEPRECATED_OBJC_IMPLEMENTATIONS = YES;
				CLANG_WARN_DIRECT_OBJC_ISA_USAGE = YES_ERROR;
				CLANG_WARN_DOCUMENTATION_COMMENTS = YES;
				CLANG_WARN_EMPTY_BODY = YES;
				CLANG_WARN_ENUM_CONVERSION = YES;
				CLANG_WARN_INFINITE_RECURSION = YES;
				CLANG_WARN_INT_CONVERSION = YES;
				CLANG_WARN_NON_LITERAL_NULL_CONVERSION = YES;
				CLANG_WARN_OBJC_IMPLICIT_RETAIN_SELF = YES;
				CLANG_WARN_OBJC_LITERAL_CONVERSION = YES;
				CLANG_WARN_OBJC_ROOT_CLASS = YES_ERROR;
				CLANG_WARN_RANGE_LOOP_ANALYSIS = YES;
				CLANG_WARN_STRICT_PROTOTYPES = YES;
				CLANG_WARN_SUSPICIOUS_MOVE = YES;
				CLANG_WARN_UNGUARDED_AVAILABILITY = YES_AGGRESSIVE;
				CLANG_WARN_UNREACHABLE_CODE = YES;
				CLANG_WARN__DUPLICATE_METHOD_MATCH = YES;
				CODE_SIGN_IDENTITY = "iPhone Developer";
				COPY_PHASE_STRIP = NO;
				CURRENT_PROJECT_VERSION = 1;
				DEBUG_INFORMATION_FORMAT = dwarf;
				ENABLE_STRICT_OBJC_MSGSEND = YES;
				ENABLE_TESTABILITY = YES;
				GCC_C_LANGUAGE_STANDARD = gnu11;
				GCC_DYNAMIC_NO_PIC = NO;
				GCC_NO_COMMON_BLOCKS = YES;
				GCC_OPTIMIZATION_LEVEL = 0;
				GCC_PREPROCESSOR_DEFINITIONS = (
					"DEBUG=1",
					"$(inherited)",
				);
				GCC_WARN_64_TO_32_BIT_CONVERSION = YES;
				GCC_WARN_ABOUT_RETURN_TYPE = YES_ERROR;
				GCC_WARN_UNDECLARED_SELECTOR = YES;
				GCC_WARN_UNINITIALIZED_AUTOS = YES_AGGRESSIVE;
				GCC_WARN_UNUSED_FUNCTION = YES;
				GCC_WARN_UNUSED_VARIABLE = YES;
				IPHONEOS_DEPLOYMENT_TARGET = 12.1;
				MTL_ENABLE_DEBUG_INFO = INCLUDE_SOURCE;
				MTL_FAST_MATH = YES;
				ONLY_ACTIVE_ARCH = YES;
				SDKROOT = iphoneos;
				SWIFT_ACTIVE_COMPILATION_CONDITIONS = DEBUG;
				SWIFT_OPTIMIZATION_LEVEL = "-Onone";
				VERSIONING_SYSTEM = "apple-generic";
				VERSION_INFO_PREFIX = "";
			};
			name = Debug;
		};
		14E2B337219B7CDF00284074 /* Release */ = {
			isa = XCBuildConfiguration;
			buildSettings = {
				ALWAYS_SEARCH_USER_PATHS = NO;
				CLANG_ANALYZER_NONNULL = YES;
				CLANG_ANALYZER_NUMBER_OBJECT_CONVERSION = YES_AGGRESSIVE;
				CLANG_CXX_LANGUAGE_STANDARD = "gnu++14";
				CLANG_CXX_LIBRARY = "libc++";
				CLANG_ENABLE_MODULES = YES;
				CLANG_ENABLE_OBJC_ARC = YES;
				CLANG_ENABLE_OBJC_WEAK = YES;
				CLANG_WARN_BLOCK_CAPTURE_AUTORELEASING = YES;
				CLANG_WARN_BOOL_CONVERSION = YES;
				CLANG_WARN_COMMA = YES;
				CLANG_WARN_CONSTANT_CONVERSION = YES;
				CLANG_WARN_DEPRECATED_OBJC_IMPLEMENTATIONS = YES;
				CLANG_WARN_DIRECT_OBJC_ISA_USAGE = YES_ERROR;
				CLANG_WARN_DOCUMENTATION_COMMENTS = YES;
				CLANG_WARN_EMPTY_BODY = YES;
				CLANG_WARN_ENUM_CONVERSION = YES;
				CLANG_WARN_INFINITE_RECURSION = YES;
				CLANG_WARN_INT_CONVERSION = YES;
				CLANG_WARN_NON_LITERAL_NULL_CONVERSION = YES;
				CLANG_WARN_OBJC_IMPLICIT_RETAIN_SELF = YES;
				CLANG_WARN_OBJC_LITERAL_CONVERSION = YES;
				CLANG_WARN_OBJC_ROOT_CLASS = YES_ERROR;
				CLANG_WARN_RANGE_LOOP_ANALYSIS = YES;
				CLANG_WARN_STRICT_PROTOTYPES = YES;
				CLANG_WARN_SUSPICIOUS_MOVE = YES;
				CLANG_WARN_UNGUARDED_AVAILABILITY = YES_AGGRESSIVE;
				CLANG_WARN_UNREACHABLE_CODE = YES;
				CLANG_WARN__DUPLICATE_METHOD_MATCH = YES;
				CODE_SIGN_IDENTITY = "iPhone Developer";
				COPY_PHASE_STRIP = NO;
				CURRENT_PROJECT_VERSION = 1;
				DEBUG_INFORMATION_FORMAT = "dwarf-with-dsym";
				ENABLE_NS_ASSERTIONS = NO;
				ENABLE_STRICT_OBJC_MSGSEND = YES;
				GCC_C_LANGUAGE_STANDARD = gnu11;
				GCC_NO_COMMON_BLOCKS = YES;
				GCC_WARN_64_TO_32_BIT_CONVERSION = YES;
				GCC_WARN_ABOUT_RETURN_TYPE = YES_ERROR;
				GCC_WARN_UNDECLARED_SELECTOR = YES;
				GCC_WARN_UNINITIALIZED_AUTOS = YES_AGGRESSIVE;
				GCC_WARN_UNUSED_FUNCTION = YES;
				GCC_WARN_UNUSED_VARIABLE = YES;
				IPHONEOS_DEPLOYMENT_TARGET = 12.1;
				MTL_ENABLE_DEBUG_INFO = NO;
				MTL_FAST_MATH = YES;
				SDKROOT = iphoneos;
				SWIFT_COMPILATION_MODE = wholemodule;
				SWIFT_OPTIMIZATION_LEVEL = "-O";
				VALIDATE_PRODUCT = YES;
				VERSIONING_SYSTEM = "apple-generic";
				VERSION_INFO_PREFIX = "";
			};
			name = Release;
		};
		14E2B339219B7CDF00284074 /* Debug */ = {
			isa = XCBuildConfiguration;
			baseConfigurationReference = 95FE2F008710531F8BF5AD1B /* Pods-Aki.debug.xcconfig */;
			buildSettings = {
				CLANG_ENABLE_MODULES = YES;
				CODE_SIGN_IDENTITY = "";
				CODE_SIGN_STYLE = Automatic;
				DEFINES_MODULE = YES;
				DEVELOPMENT_TEAM = S886WPSL95;
				DYLIB_COMPATIBILITY_VERSION = 1;
				DYLIB_CURRENT_VERSION = 1;
				DYLIB_INSTALL_NAME_BASE = "@rpath";
				INFOPLIST_FILE = "$(SRCROOT)/Sources/Supporting Files/Info.plist";
				INSTALL_PATH = "$(LOCAL_LIBRARY_DIR)/Frameworks";
				IPHONEOS_DEPLOYMENT_TARGET = 10.0;
				LD_RUNPATH_SEARCH_PATHS = (
					"$(inherited)",
					"@executable_path/Frameworks",
					"@loader_path/Frameworks",
				);
				PRODUCT_BUNDLE_IDENTIFIER = com.julioalorro.Villanelle;
				PRODUCT_NAME = "$(TARGET_NAME:c99extidentifier)";
				SKIP_INSTALL = YES;
				SWIFT_OPTIMIZATION_LEVEL = "-Onone";
				SWIFT_VERSION = 5.0;
				TARGETED_DEVICE_FAMILY = "1,2";
			};
			name = Debug;
		};
		14E2B33A219B7CDF00284074 /* Release */ = {
			isa = XCBuildConfiguration;
			baseConfigurationReference = F0ABA2895DF30F2C3B87842C /* Pods-Aki.release.xcconfig */;
			buildSettings = {
				CLANG_ENABLE_MODULES = YES;
				CODE_SIGN_IDENTITY = "";
				CODE_SIGN_STYLE = Automatic;
				DEFINES_MODULE = YES;
				DEVELOPMENT_TEAM = S886WPSL95;
				DYLIB_COMPATIBILITY_VERSION = 1;
				DYLIB_CURRENT_VERSION = 1;
				DYLIB_INSTALL_NAME_BASE = "@rpath";
				INFOPLIST_FILE = "$(SRCROOT)/Sources/Supporting Files/Info.plist";
				INSTALL_PATH = "$(LOCAL_LIBRARY_DIR)/Frameworks";
				IPHONEOS_DEPLOYMENT_TARGET = 10.0;
				LD_RUNPATH_SEARCH_PATHS = (
					"$(inherited)",
					"@executable_path/Frameworks",
					"@loader_path/Frameworks",
				);
				PRODUCT_BUNDLE_IDENTIFIER = com.julioalorro.Villanelle;
				PRODUCT_NAME = "$(TARGET_NAME:c99extidentifier)";
				SKIP_INSTALL = YES;
				SWIFT_VERSION = 5.0;
				TARGETED_DEVICE_FAMILY = "1,2";
			};
			name = Release;
		};
		14E2B33C219B7CDF00284074 /* Debug */ = {
			isa = XCBuildConfiguration;
			baseConfigurationReference = 2B515A65035768817D6468F3 /* Pods-Aki Tests.debug.xcconfig */;
			buildSettings = {
				ALWAYS_EMBED_SWIFT_STANDARD_LIBRARIES = YES;
				CODE_SIGN_STYLE = Automatic;
				DEVELOPMENT_TEAM = S886WPSL95;
				INFOPLIST_FILE = "Aki Tests/Info.plist";
				LD_RUNPATH_SEARCH_PATHS = (
					"$(inherited)",
					"@executable_path/Frameworks",
					"@loader_path/Frameworks",
				);
				PRODUCT_BUNDLE_IDENTIFIER = com.julioalorro.VillanelleTests;
				PRODUCT_NAME = "$(TARGET_NAME)";
				SWIFT_VERSION = 5.0;
				TARGETED_DEVICE_FAMILY = "1,2";
			};
			name = Debug;
		};
		14E2B33D219B7CDF00284074 /* Release */ = {
			isa = XCBuildConfiguration;
			baseConfigurationReference = DD906CAB8CC164B808B8E1B3 /* Pods-Aki Tests.release.xcconfig */;
			buildSettings = {
				ALWAYS_EMBED_SWIFT_STANDARD_LIBRARIES = YES;
				CODE_SIGN_STYLE = Automatic;
				DEVELOPMENT_TEAM = S886WPSL95;
				INFOPLIST_FILE = "Aki Tests/Info.plist";
				LD_RUNPATH_SEARCH_PATHS = (
					"$(inherited)",
					"@executable_path/Frameworks",
					"@loader_path/Frameworks",
				);
				PRODUCT_BUNDLE_IDENTIFIER = com.julioalorro.VillanelleTests;
				PRODUCT_NAME = "$(TARGET_NAME)";
				SWIFT_VERSION = 5.0;
				TARGETED_DEVICE_FAMILY = "1,2";
			};
			name = Release;
		};
		14E2B353219B7E6200284074 /* Debug */ = {
			isa = XCBuildConfiguration;
			baseConfigurationReference = 6C8490592537950CE96456B4 /* Pods-AkiExample.debug.xcconfig */;
			buildSettings = {
				ALWAYS_EMBED_SWIFT_STANDARD_LIBRARIES = YES;
				ASSETCATALOG_COMPILER_APPICON_NAME = AppIcon;
				CODE_SIGN_STYLE = Automatic;
				DEVELOPMENT_TEAM = S886WPSL95;
				INFOPLIST_FILE = "$(SRCROOT)/Example/Info.plist";
				LD_RUNPATH_SEARCH_PATHS = (
					"$(inherited)",
					"@executable_path/Frameworks",
				);
				PRODUCT_BUNDLE_IDENTIFIER = com.julioalorro.VillanelleExample;
				PRODUCT_NAME = "$(TARGET_NAME)";
				SWIFT_VERSION = 4.2;
				TARGETED_DEVICE_FAMILY = "1,2";
			};
			name = Debug;
		};
		14E2B354219B7E6200284074 /* Release */ = {
			isa = XCBuildConfiguration;
			baseConfigurationReference = DA77D803A6A4267B3572CE0E /* Pods-AkiExample.release.xcconfig */;
			buildSettings = {
				ALWAYS_EMBED_SWIFT_STANDARD_LIBRARIES = YES;
				ASSETCATALOG_COMPILER_APPICON_NAME = AppIcon;
				CODE_SIGN_STYLE = Automatic;
				DEVELOPMENT_TEAM = S886WPSL95;
				INFOPLIST_FILE = "$(SRCROOT)/Example/Info.plist";
				LD_RUNPATH_SEARCH_PATHS = (
					"$(inherited)",
					"@executable_path/Frameworks",
				);
				PRODUCT_BUNDLE_IDENTIFIER = com.julioalorro.VillanelleExample;
				PRODUCT_NAME = "$(TARGET_NAME)";
				SWIFT_VERSION = 4.2;
				TARGETED_DEVICE_FAMILY = "1,2";
			};
			name = Release;
		};
/* End XCBuildConfiguration section */

/* Begin XCConfigurationList section */
		14E2B31E219B7CDF00284074 /* Build configuration list for PBXProject "Aki" */ = {
			isa = XCConfigurationList;
			buildConfigurations = (
				14E2B336219B7CDF00284074 /* Debug */,
				14E2B337219B7CDF00284074 /* Release */,
			);
			defaultConfigurationIsVisible = 0;
			defaultConfigurationName = Release;
		};
		14E2B338219B7CDF00284074 /* Build configuration list for PBXNativeTarget "Aki" */ = {
			isa = XCConfigurationList;
			buildConfigurations = (
				14E2B339219B7CDF00284074 /* Debug */,
				14E2B33A219B7CDF00284074 /* Release */,
			);
			defaultConfigurationIsVisible = 0;
			defaultConfigurationName = Release;
		};
		14E2B33B219B7CDF00284074 /* Build configuration list for PBXNativeTarget "Aki Tests" */ = {
			isa = XCConfigurationList;
			buildConfigurations = (
				14E2B33C219B7CDF00284074 /* Debug */,
				14E2B33D219B7CDF00284074 /* Release */,
			);
			defaultConfigurationIsVisible = 0;
			defaultConfigurationName = Release;
		};
		14E2B352219B7E6200284074 /* Build configuration list for PBXNativeTarget "AkiExample" */ = {
			isa = XCConfigurationList;
			buildConfigurations = (
				14E2B353219B7E6200284074 /* Debug */,
				14E2B354219B7E6200284074 /* Release */,
			);
			defaultConfigurationIsVisible = 0;
			defaultConfigurationName = Release;
		};
/* End XCConfigurationList section */
	};
	rootObject = 14E2B31B219B7CDF00284074 /* Project object */;
}
